
Microsoft Visual Studio Solution File, Format Version 12.00
# Visual Studio Version 17
VisualStudioVersion = 17.3.32929.385
MinimumVisualStudioVersion = 10.0.40219.1
Project("{FAE04EC0-301F-11D3-BF4B-00C04F79EFBC}") = "Benjamin_Miranda_PRUEBA", "Benjamin_Miranda_PRUEBA\Benjamin_Miranda_PRUEBA.csproj", "{D6C92D04-74B4-44F0-B804-E41C1B759360}"
EndProject
Global
	GlobalSection(SolutionConfigurationPlatforms) = preSolution
		Debug|Any CPU = Debug|Any CPU
		Release|Any CPU = Release|Any CPU
	EndGlobalSection
	GlobalSection(ProjectConfigurationPlatforms) = postSolution
		{D6C92D04-74B4-44F0-B804-E41C1B759360}.Debug|Any CPU.ActiveCfg = Debug|Any CPU
		{D6C92D04-74B4-44F0-B804-E41C1B759360}.Debug|Any CPU.Build.0 = Debug|Any CPU
		{D6C92D04-74B4-44F0-B804-E41C1B759360}.Release|Any CPU.ActiveCfg = Release|Any CPU
		{D6C92D04-74B4-44F0-B804-E41C1B759360}.Release|Any CPU.Build.0 = Release|Any CPU
	EndGlobalSection
	GlobalSection(SolutionProperties) = preSolution
		HideSolutionNode = FALSE
	EndGlobalSection
	GlobalSection(ExtensibilityGlobals) = postSolution
		SolutionGuid = {5527C5D2-FD72-40A9-85C5-F0F116376CB7}
	EndGlobalSection
EndGlobal
